
Microsoft Visual Studio Solution File, Format Version 12.00
# Visual Studio Version 16
VisualStudioVersion = 16.0.31321.278
MinimumVisualStudioVersion = 10.0.40219.1
Project("{9A19103F-16F7-4668-BE54-9A1E7A4F7556}") = "HFUT-AutoSignGUI", "HFUT-AutoSignGUI.csproj", "{583D4E60-3FE0-4144-B75A-FFCC16A02A7B}"
EndProject
Project("{9A19103F-16F7-4668-BE54-9A1E7A4F7556}") = "AutoSignEXE", "..\..\AutoSignEXE\AutoSignEXE\AutoSignEXE.csproj", "{574CCA31-5842-4379-BF59-70FBBEE148E5}"
EndProject
Global
	GlobalSection(SolutionConfigurationPlatforms) = preSolution
		Debug|Any CPU = Debug|Any CPU
		Release|Any CPU = Release|Any CPU
	EndGlobalSection
	GlobalSection(ProjectConfigurationPlatforms) = postSolution
		{583D4E60-3FE0-4144-B75A-FFCC16A02A7B}.Debug|Any CPU.ActiveCfg = Debug|Any CPU
		{583D4E60-3FE0-4144-B75A-FFCC16A02A7B}.Debug|Any CPU.Build.0 = Debug|Any CPU
		{583D4E60-3FE0-4144-B75A-FFCC16A02A7B}.Release|Any CPU.ActiveCfg = Release|Any CPU
		{583D4E60-3FE0-4144-B75A-FFCC16A02A7B}.Release|Any CPU.Build.0 = Release|Any CPU
		{574CCA31-5842-4379-BF59-70FBBEE148E5}.Debug|Any CPU.ActiveCfg = Debug|Any CPU
		{574CCA31-5842-4379-BF59-70FBBEE148E5}.Debug|Any CPU.Build.0 = Debug|Any CPU
		{574CCA31-5842-4379-BF59-70FBBEE148E5}.Release|Any CPU.ActiveCfg = Release|Any CPU
		{574CCA31-5842-4379-BF59-70FBBEE148E5}.Release|Any CPU.Build.0 = Release|Any CPU
	EndGlobalSection
	GlobalSection(SolutionProperties) = preSolution
		HideSolutionNode = FALSE
	EndGlobalSection
	GlobalSection(ExtensibilityGlobals) = postSolution
		SolutionGuid = {5C66AA1B-FF11-4B78-9AFF-EE86D4C0945B}
	EndGlobalSection
EndGlobal
