
Microsoft Visual Studio Solution File, Format Version 12.00
# Visual Studio Version 16
VisualStudioVersion = 16.0.31321.278
MinimumVisualStudioVersion = 10.0.40219.1
Project("{FAE04EC0-301F-11D3-BF4B-00C04F79EFBC}") = "HFUT-AutoSignGUI", "HFUT-AutoSignGUI.csproj", "{583D4E60-3FE0-4144-B75A-FFCC16A02A7B}"
EndProject
Global
	GlobalSection(SolutionConfigurationPlatforms) = preSolution
		Debug|Any CPU = Debug|Any CPU
		Release|Any CPU = Release|Any CPU
	EndGlobalSection
	GlobalSection(ProjectConfigurationPlatforms) = postSolution
		{583D4E60-3FE0-4144-B75A-FFCC16A02A7B}.Debug|Any CPU.ActiveCfg = Debug|Any CPU
		{583D4E60-3FE0-4144-B75A-FFCC16A02A7B}.Debug|Any CPU.Build.0 = Debug|Any CPU
		{583D4E60-3FE0-4144-B75A-FFCC16A02A7B}.Release|Any CPU.ActiveCfg = Release|Any CPU
		{583D4E60-3FE0-4144-B75A-FFCC16A02A7B}.Release|Any CPU.Build.0 = Release|Any CPU
	EndGlobalSection
	GlobalSection(SolutionProperties) = preSolution
		HideSolutionNode = FALSE
	EndGlobalSection
	GlobalSection(ExtensibilityGlobals) = postSolution
		SolutionGuid = {5C66AA1B-FF11-4B78-9AFF-EE86D4C0945B}
	EndGlobalSection
EndGlobal
